
Microsoft Visual Studio Solution File, Format Version 12.00
Project("{FAE04EC0-301F-11D3-BF4B-00C04F79EFBC}") = "UsefulCommands", "UsefulCommands\UsefulCommands.csproj", "{0FF9C70C-DB4B-486E-8CC4-CDC9D90D8F56}"
EndProject
Global
	GlobalSection(SolutionConfigurationPlatforms) = preSolution
		Debug|Any CPU = Debug|Any CPU
		Release|Any CPU = Release|Any CPU
	EndGlobalSection
	GlobalSection(ProjectConfigurationPlatforms) = postSolution
		{0FF9C70C-DB4B-486E-8CC4-CDC9D90D8F56}.Debug|Any CPU.ActiveCfg = Debug|Any CPU
		{0FF9C70C-DB4B-486E-8CC4-CDC9D90D8F56}.Debug|Any CPU.Build.0 = Debug|Any CPU
		{0FF9C70C-DB4B-486E-8CC4-CDC9D90D8F56}.Release|Any CPU.ActiveCfg = Release|Any CPU
		{0FF9C70C-DB4B-486E-8CC4-CDC9D90D8F56}.Release|Any CPU.Build.0 = Release|Any CPU
	EndGlobalSection
EndGlobal
